{
  "requires": true,
  "lockfileVersion": 1,
  "dependencies": {
    "@svgdotjs/svg.js": {
      "version": "3.1.1",
      "resolved": "https://registry.npmjs.org/@svgdotjs/svg.js/-/svg.js-3.1.1.tgz",
      "integrity": "sha512-73FggAUBS+zuHhJOMZiAsuE5qpwA4pmWUbLuvof2g3YnWEc3QhXA3tjqZlJJukBobSA23a/avf1Vb1U1QbER1Q=="
    }
  }
}
